
Microsoft Visual Studio Solution File, Format Version 12.00
# Visual Studio Version 16
VisualStudioVersion = 16.0.30907.101
MinimumVisualStudioVersion = 15.0.26124.0
Project("{9A19103F-16F7-4668-BE54-9A1E7A4F7556}") = "OnlineShop.Tests", "OnlineShop.Tests\OnlineShop.Tests.csproj", "{138BAC7A-2679-4BE0-9883-1E17D476DEBC}"
EndProject
Project("{9A19103F-16F7-4668-BE54-9A1E7A4F7556}") = "OnlineShop", "OnlineShopNew\OnlineShop.csproj", "{99C6C3C0-87D9-4CB9-9D61-A14D19A4ECBF}"
EndProject
Global
	GlobalSection(SolutionConfigurationPlatforms) = preSolution
		Debug|Any CPU = Debug|Any CPU
		Debug|x64 = Debug|x64
		Debug|x86 = Debug|x86
		Release|Any CPU = Release|Any CPU
		Release|x64 = Release|x64
		Release|x86 = Release|x86
	EndGlobalSection
	GlobalSection(ProjectConfigurationPlatforms) = postSolution
		{138BAC7A-2679-4BE0-9883-1E17D476DEBC}.Debug|Any CPU.ActiveCfg = Debug|Any CPU
		{138BAC7A-2679-4BE0-9883-1E17D476DEBC}.Debug|Any CPU.Build.0 = Debug|Any CPU
		{138BAC7A-2679-4BE0-9883-1E17D476DEBC}.Debug|x64.ActiveCfg = Debug|Any CPU
		{138BAC7A-2679-4BE0-9883-1E17D476DEBC}.Debug|x64.Build.0 = Debug|Any CPU
		{138BAC7A-2679-4BE0-9883-1E17D476DEBC}.Debug|x86.ActiveCfg = Debug|Any CPU
		{138BAC7A-2679-4BE0-9883-1E17D476DEBC}.Debug|x86.Build.0 = Debug|Any CPU
		{138BAC7A-2679-4BE0-9883-1E17D476DEBC}.Release|Any CPU.ActiveCfg = Release|Any CPU
		{138BAC7A-2679-4BE0-9883-1E17D476DEBC}.Release|Any CPU.Build.0 = Release|Any CPU
		{138BAC7A-2679-4BE0-9883-1E17D476DEBC}.Release|x64.ActiveCfg = Release|Any CPU
		{138BAC7A-2679-4BE0-9883-1E17D476DEBC}.Release|x64.Build.0 = Release|Any CPU
		{138BAC7A-2679-4BE0-9883-1E17D476DEBC}.Release|x86.ActiveCfg = Release|Any CPU
		{138BAC7A-2679-4BE0-9883-1E17D476DEBC}.Release|x86.Build.0 = Release|Any CPU
		{99C6C3C0-87D9-4CB9-9D61-A14D19A4ECBF}.Debug|Any CPU.ActiveCfg = Debug|Any CPU
		{99C6C3C0-87D9-4CB9-9D61-A14D19A4ECBF}.Debug|Any CPU.Build.0 = Debug|Any CPU
		{99C6C3C0-87D9-4CB9-9D61-A14D19A4ECBF}.Debug|x64.ActiveCfg = Debug|Any CPU
		{99C6C3C0-87D9-4CB9-9D61-A14D19A4ECBF}.Debug|x64.Build.0 = Debug|Any CPU
		{99C6C3C0-87D9-4CB9-9D61-A14D19A4ECBF}.Debug|x86.ActiveCfg = Debug|Any CPU
		{99C6C3C0-87D9-4CB9-9D61-A14D19A4ECBF}.Debug|x86.Build.0 = Debug|Any CPU
		{99C6C3C0-87D9-4CB9-9D61-A14D19A4ECBF}.Release|Any CPU.ActiveCfg = Release|Any CPU
		{99C6C3C0-87D9-4CB9-9D61-A14D19A4ECBF}.Release|Any CPU.Build.0 = Release|Any CPU
		{99C6C3C0-87D9-4CB9-9D61-A14D19A4ECBF}.Release|x64.ActiveCfg = Release|Any CPU
		{99C6C3C0-87D9-4CB9-9D61-A14D19A4ECBF}.Release|x64.Build.0 = Release|Any CPU
		{99C6C3C0-87D9-4CB9-9D61-A14D19A4ECBF}.Release|x86.ActiveCfg = Release|Any CPU
		{99C6C3C0-87D9-4CB9-9D61-A14D19A4ECBF}.Release|x86.Build.0 = Release|Any CPU
	EndGlobalSection
	GlobalSection(SolutionProperties) = preSolution
		HideSolutionNode = FALSE
	EndGlobalSection
	GlobalSection(ExtensibilityGlobals) = postSolution
		SolutionGuid = {22DC9611-9D31-47EB-9C94-AFEDBB5BFDD8}
	EndGlobalSection
EndGlobal
